
Microsoft Visual Studio Solution File, Format Version 12.00
# Visual Studio Version 17
VisualStudioVersion = 17.14.36518.9
MinimumVisualStudioVersion = 10.0.40219.1
Project("{FAE04EC0-301F-11D3-BF4B-00C04F79EFBC}") = "ChatServer", "ChatServer.csproj", "{EA4D28BA-99A7-4B17-8E76-0A2C5FC51390}"
EndProject
Project("{FAE04EC0-301F-11D3-BF4B-00C04F79EFBC}") = "ChatClient", "..\ChatClient\ChatClient.csproj", "{C8274704-ADCF-48A0-B6EB-39576F5E7CE4}"
EndProject
Project("{FAE04EC0-301F-11D3-BF4B-00C04F79EFBC}") = "ChatClientWinForms", "..\ChatClientWinForms\ChatClientWinForms.csproj", "{77B8B99E-1033-403B-B3D1-51A10D4ED396}"
EndProject
Global
	GlobalSection(SolutionConfigurationPlatforms) = preSolution
		Debug|Any CPU = Debug|Any CPU
		Release|Any CPU = Release|Any CPU
	EndGlobalSection
	GlobalSection(ProjectConfigurationPlatforms) = postSolution
		{EA4D28BA-99A7-4B17-8E76-0A2C5FC51390}.Debug|Any CPU.ActiveCfg = Debug|Any CPU
		{EA4D28BA-99A7-4B17-8E76-0A2C5FC51390}.Debug|Any CPU.Build.0 = Debug|Any CPU
		{EA4D28BA-99A7-4B17-8E76-0A2C5FC51390}.Release|Any CPU.ActiveCfg = Release|Any CPU
		{EA4D28BA-99A7-4B17-8E76-0A2C5FC51390}.Release|Any CPU.Build.0 = Release|Any CPU
		{C8274704-ADCF-48A0-B6EB-39576F5E7CE4}.Debug|Any CPU.ActiveCfg = Debug|Any CPU
		{C8274704-ADCF-48A0-B6EB-39576F5E7CE4}.Debug|Any CPU.Build.0 = Debug|Any CPU
		{C8274704-ADCF-48A0-B6EB-39576F5E7CE4}.Release|Any CPU.ActiveCfg = Release|Any CPU
		{C8274704-ADCF-48A0-B6EB-39576F5E7CE4}.Release|Any CPU.Build.0 = Release|Any CPU
		{77B8B99E-1033-403B-B3D1-51A10D4ED396}.Debug|Any CPU.ActiveCfg = Debug|Any CPU
		{77B8B99E-1033-403B-B3D1-51A10D4ED396}.Debug|Any CPU.Build.0 = Debug|Any CPU
		{77B8B99E-1033-403B-B3D1-51A10D4ED396}.Release|Any CPU.ActiveCfg = Release|Any CPU
		{77B8B99E-1033-403B-B3D1-51A10D4ED396}.Release|Any CPU.Build.0 = Release|Any CPU
	EndGlobalSection
	GlobalSection(SolutionProperties) = preSolution
		HideSolutionNode = FALSE
	EndGlobalSection
	GlobalSection(ExtensibilityGlobals) = postSolution
		SolutionGuid = {439A6C47-038E-414E-A8DE-E8107AFD2D1D}
	EndGlobalSection
EndGlobal
